
Microsoft Visual Studio Solution File, Format Version 12.00
# Visual Studio Version 16
VisualStudioVersion = 16.0.29609.76
MinimumVisualStudioVersion = 10.0.40219.1
Project("{FAE04EC0-301F-11D3-BF4B-00C04F79EFBC}") = "ExchangeApp.Android", "ExchangeApp\ExchangeApp.Android\ExchangeApp.Android.csproj", "{B758296B-1F61-48BB-B943-AC9BC8D7D818}"
EndProject
Project("{FAE04EC0-301F-11D3-BF4B-00C04F79EFBC}") = "ExchangeApp.iOS", "ExchangeApp\ExchangeApp.iOS\ExchangeApp.iOS.csproj", "{8207373B-F3AD-40DC-9F70-BB53B0D92BAB}"
EndProject
Project("{FAE04EC0-301F-11D3-BF4B-00C04F79EFBC}") = "ExchangeApp", "ExchangeApp\ExchangeApp\ExchangeApp.csproj", "{33711599-5738-4CF4-B6A0-C13C4AACDAEE}"
EndProject
Global
	GlobalSection(SolutionConfigurationPlatforms) = preSolution
		Debug|Any CPU = Debug|Any CPU
		Debug|iPhone = Debug|iPhone
		Debug|iPhoneSimulator = Debug|iPhoneSimulator
		Release|Any CPU = Release|Any CPU
		Release|iPhone = Release|iPhone
		Release|iPhoneSimulator = Release|iPhoneSimulator
	EndGlobalSection
	GlobalSection(ProjectConfigurationPlatforms) = postSolution
		{B758296B-1F61-48BB-B943-AC9BC8D7D818}.Debug|Any CPU.ActiveCfg = Debug|Any CPU
		{B758296B-1F61-48BB-B943-AC9BC8D7D818}.Debug|Any CPU.Build.0 = Debug|Any CPU
		{B758296B-1F61-48BB-B943-AC9BC8D7D818}.Debug|Any CPU.Deploy.0 = Debug|Any CPU
		{B758296B-1F61-48BB-B943-AC9BC8D7D818}.Debug|iPhone.ActiveCfg = Debug|Any CPU
		{B758296B-1F61-48BB-B943-AC9BC8D7D818}.Debug|iPhone.Build.0 = Debug|Any CPU
		{B758296B-1F61-48BB-B943-AC9BC8D7D818}.Debug|iPhone.Deploy.0 = Debug|Any CPU
		{B758296B-1F61-48BB-B943-AC9BC8D7D818}.Debug|iPhoneSimulator.ActiveCfg = Debug|Any CPU
		{B758296B-1F61-48BB-B943-AC9BC8D7D818}.Debug|iPhoneSimulator.Build.0 = Debug|Any CPU
		{B758296B-1F61-48BB-B943-AC9BC8D7D818}.Debug|iPhoneSimulator.Deploy.0 = Debug|Any CPU
		{B758296B-1F61-48BB-B943-AC9BC8D7D818}.Release|Any CPU.ActiveCfg = Release|Any CPU
		{B758296B-1F61-48BB-B943-AC9BC8D7D818}.Release|Any CPU.Build.0 = Release|Any CPU
		{B758296B-1F61-48BB-B943-AC9BC8D7D818}.Release|Any CPU.Deploy.0 = Release|Any CPU
		{B758296B-1F61-48BB-B943-AC9BC8D7D818}.Release|iPhone.ActiveCfg = Release|Any CPU
		{B758296B-1F61-48BB-B943-AC9BC8D7D818}.Release|iPhone.Build.0 = Release|Any CPU
		{B758296B-1F61-48BB-B943-AC9BC8D7D818}.Release|iPhone.Deploy.0 = Release|Any CPU
		{B758296B-1F61-48BB-B943-AC9BC8D7D818}.Release|iPhoneSimulator.ActiveCfg = Release|Any CPU
		{B758296B-1F61-48BB-B943-AC9BC8D7D818}.Release|iPhoneSimulator.Build.0 = Release|Any CPU
		{B758296B-1F61-48BB-B943-AC9BC8D7D818}.Release|iPhoneSimulator.Deploy.0 = Release|Any CPU
		{8207373B-F3AD-40DC-9F70-BB53B0D92BAB}.Debug|Any CPU.ActiveCfg = Debug|iPhoneSimulator
		{8207373B-F3AD-40DC-9F70-BB53B0D92BAB}.Debug|Any CPU.Build.0 = Debug|iPhoneSimulator
		{8207373B-F3AD-40DC-9F70-BB53B0D92BAB}.Debug|Any CPU.Deploy.0 = Debug|iPhoneSimulator
		{8207373B-F3AD-40DC-9F70-BB53B0D92BAB}.Debug|iPhone.ActiveCfg = Debug|iPhone
		{8207373B-F3AD-40DC-9F70-BB53B0D92BAB}.Debug|iPhone.Build.0 = Debug|iPhone
		{8207373B-F3AD-40DC-9F70-BB53B0D92BAB}.Debug|iPhone.Deploy.0 = Debug|iPhone
		{8207373B-F3AD-40DC-9F70-BB53B0D92BAB}.Debug|iPhoneSimulator.ActiveCfg = Debug|iPhoneSimulator
		{8207373B-F3AD-40DC-9F70-BB53B0D92BAB}.Debug|iPhoneSimulator.Build.0 = Debug|iPhoneSimulator
		{8207373B-F3AD-40DC-9F70-BB53B0D92BAB}.Debug|iPhoneSimulator.Deploy.0 = Debug|iPhoneSimulator
		{8207373B-F3AD-40DC-9F70-BB53B0D92BAB}.Release|Any CPU.ActiveCfg = Release|iPhone
		{8207373B-F3AD-40DC-9F70-BB53B0D92BAB}.Release|Any CPU.Build.0 = Release|iPhone
		{8207373B-F3AD-40DC-9F70-BB53B0D92BAB}.Release|Any CPU.Deploy.0 = Release|iPhone
		{8207373B-F3AD-40DC-9F70-BB53B0D92BAB}.Release|iPhone.ActiveCfg = Release|iPhone
		{8207373B-F3AD-40DC-9F70-BB53B0D92BAB}.Release|iPhone.Build.0 = Release|iPhone
		{8207373B-F3AD-40DC-9F70-BB53B0D92BAB}.Release|iPhone.Deploy.0 = Release|iPhone
		{8207373B-F3AD-40DC-9F70-BB53B0D92BAB}.Release|iPhoneSimulator.ActiveCfg = Release|iPhoneSimulator
		{8207373B-F3AD-40DC-9F70-BB53B0D92BAB}.Release|iPhoneSimulator.Build.0 = Release|iPhoneSimulator
		{8207373B-F3AD-40DC-9F70-BB53B0D92BAB}.Release|iPhoneSimulator.Deploy.0 = Release|iPhoneSimulator
		{33711599-5738-4CF4-B6A0-C13C4AACDAEE}.Debug|Any CPU.ActiveCfg = Debug|Any CPU
		{33711599-5738-4CF4-B6A0-C13C4AACDAEE}.Debug|Any CPU.Build.0 = Debug|Any CPU
		{33711599-5738-4CF4-B6A0-C13C4AACDAEE}.Debug|Any CPU.Deploy.0 = Debug|Any CPU
		{33711599-5738-4CF4-B6A0-C13C4AACDAEE}.Debug|iPhone.ActiveCfg = Debug|Any CPU
		{33711599-5738-4CF4-B6A0-C13C4AACDAEE}.Debug|iPhone.Build.0 = Debug|Any CPU
		{33711599-5738-4CF4-B6A0-C13C4AACDAEE}.Debug|iPhone.Deploy.0 = Debug|Any CPU
		{33711599-5738-4CF4-B6A0-C13C4AACDAEE}.Debug|iPhoneSimulator.ActiveCfg = Debug|Any CPU
		{33711599-5738-4CF4-B6A0-C13C4AACDAEE}.Debug|iPhoneSimulator.Build.0 = Debug|Any CPU
		{33711599-5738-4CF4-B6A0-C13C4AACDAEE}.Debug|iPhoneSimulator.Deploy.0 = Debug|Any CPU
		{33711599-5738-4CF4-B6A0-C13C4AACDAEE}.Release|Any CPU.ActiveCfg = Release|Any CPU
		{33711599-5738-4CF4-B6A0-C13C4AACDAEE}.Release|Any CPU.Build.0 = Release|Any CPU
		{33711599-5738-4CF4-B6A0-C13C4AACDAEE}.Release|Any CPU.Deploy.0 = Release|Any CPU
		{33711599-5738-4CF4-B6A0-C13C4AACDAEE}.Release|iPhone.ActiveCfg = Release|Any CPU
		{33711599-5738-4CF4-B6A0-C13C4AACDAEE}.Release|iPhone.Build.0 = Release|Any CPU
		{33711599-5738-4CF4-B6A0-C13C4AACDAEE}.Release|iPhone.Deploy.0 = Release|Any CPU
		{33711599-5738-4CF4-B6A0-C13C4AACDAEE}.Release|iPhoneSimulator.ActiveCfg = Release|Any CPU
		{33711599-5738-4CF4-B6A0-C13C4AACDAEE}.Release|iPhoneSimulator.Build.0 = Release|Any CPU
		{33711599-5738-4CF4-B6A0-C13C4AACDAEE}.Release|iPhoneSimulator.Deploy.0 = Release|Any CPU
	EndGlobalSection
	GlobalSection(SolutionProperties) = preSolution
		HideSolutionNode = FALSE
	EndGlobalSection
	GlobalSection(ExtensibilityGlobals) = postSolution
		SolutionGuid = {6D7D5ABD-AA02-4699-9611-6FF31C08054B}
	EndGlobalSection
EndGlobal
